
Microsoft Visual Studio Solution File, Format Version 12.00
Project("{FAE04EC0-301F-11D3-BF4B-00C04F79EFBC}") = "AudioArtistOrganizer", "AudioArtistOrganizer\AudioArtistOrganizer.csproj", "{AA35488C-2FEF-43C0-AF5D-FB88E3617A1D}"
EndProject
Global
	GlobalSection(SolutionConfigurationPlatforms) = preSolution
		Debug|Any CPU = Debug|Any CPU
		Release|Any CPU = Release|Any CPU
	EndGlobalSection
	GlobalSection(ProjectConfigurationPlatforms) = postSolution
		{AA35488C-2FEF-43C0-AF5D-FB88E3617A1D}.Debug|Any CPU.ActiveCfg = Debug|Any CPU
		{AA35488C-2FEF-43C0-AF5D-FB88E3617A1D}.Debug|Any CPU.Build.0 = Debug|Any CPU
		{AA35488C-2FEF-43C0-AF5D-FB88E3617A1D}.Release|Any CPU.ActiveCfg = Release|Any CPU
		{AA35488C-2FEF-43C0-AF5D-FB88E3617A1D}.Release|Any CPU.Build.0 = Release|Any CPU
	EndGlobalSection
EndGlobal
